
Microsoft Visual Studio Solution File, Format Version 12.00
# Visual Studio Version 17
VisualStudioVersion = 17.9.34728.123
MinimumVisualStudioVersion = 10.0.40219.1
Project("{FAE04EC0-301F-11D3-BF4B-00C04F79EFBC}") = "WPFMVVMSideBar", "WPFMVVMSideBar\WPFMVVMSideBar.csproj", "{62B63128-14CA-4B40-B00C-67B3E98D328F}"
EndProject
Global
	GlobalSection(SolutionConfigurationPlatforms) = preSolution
		Debug|Any CPU = Debug|Any CPU
		Release|Any CPU = Release|Any CPU
	EndGlobalSection
	GlobalSection(ProjectConfigurationPlatforms) = postSolution
		{62B63128-14CA-4B40-B00C-67B3E98D328F}.Debug|Any CPU.ActiveCfg = Debug|Any CPU
		{62B63128-14CA-4B40-B00C-67B3E98D328F}.Debug|Any CPU.Build.0 = Debug|Any CPU
		{62B63128-14CA-4B40-B00C-67B3E98D328F}.Release|Any CPU.ActiveCfg = Release|Any CPU
		{62B63128-14CA-4B40-B00C-67B3E98D328F}.Release|Any CPU.Build.0 = Release|Any CPU
	EndGlobalSection
	GlobalSection(SolutionProperties) = preSolution
		HideSolutionNode = FALSE
	EndGlobalSection
	GlobalSection(ExtensibilityGlobals) = postSolution
		SolutionGuid = {6C25B62D-B43B-4969-B791-F66A763E75F2}
	EndGlobalSection
EndGlobal
